// !$*UTF8*$!
{
	archiveVersion = 1;
	classes = {
	};
	objectVersion = 55;
	objects = {

/* Begin PBXBuildFile section */
		3147B4832829779F00933553 /* AppDelegate.swift in Sources */ = {isa = PBXBuildFile; fileRef = 3147B4822829779F00933553 /* AppDelegate.swift */; };
		3147B4852829779F00933553 /* SceneDelegate.swift in Sources */ = {isa = PBXBuildFile; fileRef = 3147B4842829779F00933553 /* SceneDelegate.swift */; };
		3147B48D2829779F00933553 /* MVVM_Coordinator.xcdatamodeld in Sources */ = {isa = PBXBuildFile; fileRef = 3147B48B2829779F00933553 /* MVVM_Coordinator.xcdatamodeld */; };
		3147B48F282977A200933553 /* Assets.xcassets in Resources */ = {isa = PBXBuildFile; fileRef = 3147B48E282977A200933553 /* Assets.xcassets */; };
		3147B492282977A200933553 /* LaunchScreen.storyboard in Resources */ = {isa = PBXBuildFile; fileRef = 3147B490282977A200933553 /* LaunchScreen.storyboard */; };
		3147B49D282977A200933553 /* MVVM_CoordinatorTests.swift in Sources */ = {isa = PBXBuildFile; fileRef = 3147B49C282977A200933553 /* MVVM_CoordinatorTests.swift */; };
		3147B4A7282977A200933553 /* MVVM_CoordinatorUITests.swift in Sources */ = {isa = PBXBuildFile; fileRef = 3147B4A6282977A200933553 /* MVVM_CoordinatorUITests.swift */; };
		3147B4A9282977A200933553 /* MVVM_CoordinatorUITestsLaunchTests.swift in Sources */ = {isa = PBXBuildFile; fileRef = 3147B4A8282977A200933553 /* MVVM_CoordinatorUITestsLaunchTests.swift */; };
		3147B4BA28297DAF00933553 /* LoginViewController.swift in Sources */ = {isa = PBXBuildFile; fileRef = 3147B4B828297DAF00933553 /* LoginViewController.swift */; };
		3147B4BB28297DAF00933553 /* LoginViewController.xib in Resources */ = {isa = PBXBuildFile; fileRef = 3147B4B928297DAF00933553 /* LoginViewController.xib */; };
		3147B4C0282984F800933553 /* ViewController.swift in Sources */ = {isa = PBXBuildFile; fileRef = 3147B4BE282984F800933553 /* ViewController.swift */; };
		3147B4C1282984F800933553 /* ViewController.xib in Resources */ = {isa = PBXBuildFile; fileRef = 3147B4BF282984F800933553 /* ViewController.xib */; };
		3147B4C3282B038B00933553 /* LoginViewControllerViewModel.swift in Sources */ = {isa = PBXBuildFile; fileRef = 3147B4C2282B038B00933553 /* LoginViewControllerViewModel.swift */; };
		3147B4C5282B03E500933553 /* ViewModelType.swift in Sources */ = {isa = PBXBuildFile; fileRef = 3147B4C4282B03E500933553 /* ViewModelType.swift */; };
		31503F4F2834439C00944D05 /* Constants.swift in Sources */ = {isa = PBXBuildFile; fileRef = 31503F4E2834439C00944D05 /* Constants.swift */; };
		3150A84F28358DC100CC0A31 /* MenuViewController.swift in Sources */ = {isa = PBXBuildFile; fileRef = 3150A84D28358DC100CC0A31 /* MenuViewController.swift */; };
		3150A85028358DC100CC0A31 /* MenuViewController.xib in Resources */ = {isa = PBXBuildFile; fileRef = 3150A84E28358DC100CC0A31 /* MenuViewController.xib */; };
		3150A85428358DE500CC0A31 /* ContainerViewController.swift in Sources */ = {isa = PBXBuildFile; fileRef = 3150A85228358DE500CC0A31 /* ContainerViewController.swift */; };
		3150A85528358DE500CC0A31 /* ContainerViewController.xib in Resources */ = {isa = PBXBuildFile; fileRef = 3150A85328358DE500CC0A31 /* ContainerViewController.xib */; };
		3150A85928358E4600CC0A31 /* ProfileViewController.swift in Sources */ = {isa = PBXBuildFile; fileRef = 3150A85728358E4600CC0A31 /* ProfileViewController.swift */; };
		3150A85A28358E4600CC0A31 /* ProfileViewController.xib in Resources */ = {isa = PBXBuildFile; fileRef = 3150A85828358E4600CC0A31 /* ProfileViewController.xib */; };
		3150A85C28358FED00CC0A31 /* ContainerViewControllerViewModel.swift in Sources */ = {isa = PBXBuildFile; fileRef = 3150A85B28358FED00CC0A31 /* ContainerViewControllerViewModel.swift */; };
		315BF002283431F000009CD5 /* MainViewController.swift in Sources */ = {isa = PBXBuildFile; fileRef = 315BF000283431F000009CD5 /* MainViewController.swift */; };
		315BF003283431F000009CD5 /* MainViewController.xib in Resources */ = {isa = PBXBuildFile; fileRef = 315BF001283431F000009CD5 /* MainViewController.xib */; };
		315BF0052834320800009CD5 /* MainViewControllerVIewModel.swift in Sources */ = {isa = PBXBuildFile; fileRef = 315BF0042834320800009CD5 /* MainViewControllerVIewModel.swift */; };
		315BF008283432EF00009CD5 /* MainScreenDataSourceModel.swift in Sources */ = {isa = PBXBuildFile; fileRef = 315BF007283432EF00009CD5 /* MainScreenDataSourceModel.swift */; };
		315BF00A2834333200009CD5 /* UserModel.swift in Sources */ = {isa = PBXBuildFile; fileRef = 315BF0092834333200009CD5 /* UserModel.swift */; };
		315BF0102834376600009CD5 /* MainViewControllerCellTableViewCell.swift in Sources */ = {isa = PBXBuildFile; fileRef = 315BF00E2834376600009CD5 /* MainViewControllerCellTableViewCell.swift */; };
		315BF0112834376600009CD5 /* MainViewControllerCellTableViewCell.xib in Resources */ = {isa = PBXBuildFile; fileRef = 315BF00F2834376600009CD5 /* MainViewControllerCellTableViewCell.xib */; };
		315BF013283438E200009CD5 /* SectionModel.swift in Sources */ = {isa = PBXBuildFile; fileRef = 315BF012283438E200009CD5 /* SectionModel.swift */; };
		316AE117283A63020037DB8E /* AppFlow.swift in Sources */ = {isa = PBXBuildFile; fileRef = 316AE116283A63020037DB8E /* AppFlow.swift */; };
		316AE11A283A64460037DB8E /* PreferencesService.swift in Sources */ = {isa = PBXBuildFile; fileRef = 316AE119283A64460037DB8E /* PreferencesService.swift */; };
		316AE11C283A64980037DB8E /* AppServices.swift in Sources */ = {isa = PBXBuildFile; fileRef = 316AE11B283A64980037DB8E /* AppServices.swift */; };
		316AE11E283A66760037DB8E /* AppStep.swift in Sources */ = {isa = PBXBuildFile; fileRef = 316AE11D283A66760037DB8E /* AppStep.swift */; };
		316AE123283A67C80037DB8E /* LoginFlow.swift in Sources */ = {isa = PBXBuildFile; fileRef = 316AE122283A67C80037DB8E /* LoginFlow.swift */; };
		316AE125283A67D90037DB8E /* LoginStep.swift in Sources */ = {isa = PBXBuildFile; fileRef = 316AE124283A67D90037DB8E /* LoginStep.swift */; };
		316AE127283A67E60037DB8E /* MainFlow.swift in Sources */ = {isa = PBXBuildFile; fileRef = 316AE126283A67E60037DB8E /* MainFlow.swift */; };
		316AE129283A67EF0037DB8E /* MainStep.swift in Sources */ = {isa = PBXBuildFile; fileRef = 316AE128283A67EF0037DB8E /* MainStep.swift */; };
		316AE12B283A79020037DB8E /* AppStepper.swift in Sources */ = {isa = PBXBuildFile; fileRef = 316AE12A283A79020037DB8E /* AppStepper.swift */; };
		316AE12D283AF5050037DB8E /* LoginStepper.swift in Sources */ = {isa = PBXBuildFile; fileRef = 316AE12C283AF5050037DB8E /* LoginStepper.swift */; };
		316AE12F283AF5C10037DB8E /* MainStepper.swift in Sources */ = {isa = PBXBuildFile; fileRef = 316AE12E283AF5C10037DB8E /* MainStepper.swift */; };
		31F04CB5282DB1010091DFC6 /* UITextField ext.swift in Sources */ = {isa = PBXBuildFile; fileRef = 31F04CB4282DB1010091DFC6 /* UITextField ext.swift */; };
		559341CDB60218C98590643D /* Pods_MVVM_CoordinatorTests.framework in Frameworks */ = {isa = PBXBuildFile; fileRef = AA0B9F80964EB598D2836B6D /* Pods_MVVM_CoordinatorTests.framework */; };
		5AD66C98090174D9A14E048B /* Pods_MVVM_Coordinator_MVVM_CoordinatorUITests.framework in Frameworks */ = {isa = PBXBuildFile; fileRef = 6E84FF9B18AF2F3E872E6C08 /* Pods_MVVM_Coordinator_MVVM_CoordinatorUITests.framework */; };
		768B779D86D0712B809012D8 /* Pods_MVVM_Coordinator.framework in Frameworks */ = {isa = PBXBuildFile; fileRef = 28BC75190EA99CF571F5154E /* Pods_MVVM_Coordinator.framework */; };
/* End PBXBuildFile section */

/* Begin PBXContainerItemProxy section */
		3147B499282977A200933553 /* PBXContainerItemProxy */ = {
			isa = PBXContainerItemProxy;
			containerPortal = 3147B4772829779F00933553 /* Project object */;
			proxyType = 1;
			remoteGlobalIDString = 3147B47E2829779F00933553;
			remoteInfo = "MVVM+Coordinator";
		};
		3147B4A3282977A200933553 /* PBXContainerItemProxy */ = {
			isa = PBXContainerItemProxy;
			containerPortal = 3147B4772829779F00933553 /* Project object */;
			proxyType = 1;
			remoteGlobalIDString = 3147B47E2829779F00933553;
			remoteInfo = "MVVM+Coordinator";
		};
/* End PBXContainerItemProxy section */

/* Begin PBXFileReference section */
		28BC75190EA99CF571F5154E /* Pods_MVVM_Coordinator.framework */ = {isa = PBXFileReference; explicitFileType = wrapper.framework; includeInIndex = 0; path = Pods_MVVM_Coordinator.framework; sourceTree = BUILT_PRODUCTS_DIR; };
		3147B47F2829779F00933553 /* MVVM+Coordinator.app */ = {isa = PBXFileReference; explicitFileType = wrapper.application; includeInIndex = 0; path = "MVVM+Coordinator.app"; sourceTree = BUILT_PRODUCTS_DIR; };
		3147B4822829779F00933553 /* AppDelegate.swift */ = {isa = PBXFileReference; lastKnownFileType = sourcecode.swift; path = AppDelegate.swift; sourceTree = "<group>"; };
		3147B4842829779F00933553 /* SceneDelegate.swift */ = {isa = PBXFileReference; lastKnownFileType = sourcecode.swift; path = SceneDelegate.swift; sourceTree = "<group>"; };
		3147B48C2829779F00933553 /* MVVM_Coordinator.xcdatamodel */ = {isa = PBXFileReference; lastKnownFileType = wrapper.xcdatamodel; path = MVVM_Coordinator.xcdatamodel; sourceTree = "<group>"; };
		3147B48E282977A200933553 /* Assets.xcassets */ = {isa = PBXFileReference; lastKnownFileType = folder.assetcatalog; path = Assets.xcassets; sourceTree = "<group>"; };
		3147B491282977A200933553 /* Base */ = {isa = PBXFileReference; lastKnownFileType = file.storyboard; name = Base; path = Base.lproj/LaunchScreen.storyboard; sourceTree = "<group>"; };
		3147B493282977A200933553 /* Info.plist */ = {isa = PBXFileReference; lastKnownFileType = text.plist.xml; path = Info.plist; sourceTree = "<group>"; };
		3147B498282977A200933553 /* MVVM+CoordinatorTests.xctest */ = {isa = PBXFileReference; explicitFileType = wrapper.cfbundle; includeInIndex = 0; path = "MVVM+CoordinatorTests.xctest"; sourceTree = BUILT_PRODUCTS_DIR; };
		3147B49C282977A200933553 /* MVVM_CoordinatorTests.swift */ = {isa = PBXFileReference; lastKnownFileType = sourcecode.swift; path = MVVM_CoordinatorTests.swift; sourceTree = "<group>"; };
		3147B4A2282977A200933553 /* MVVM+CoordinatorUITests.xctest */ = {isa = PBXFileReference; explicitFileType = wrapper.cfbundle; includeInIndex = 0; path = "MVVM+CoordinatorUITests.xctest"; sourceTree = BUILT_PRODUCTS_DIR; };
		3147B4A6282977A200933553 /* MVVM_CoordinatorUITests.swift */ = {isa = PBXFileReference; lastKnownFileType = sourcecode.swift; path = MVVM_CoordinatorUITests.swift; sourceTree = "<group>"; };
		3147B4A8282977A200933553 /* MVVM_CoordinatorUITestsLaunchTests.swift */ = {isa = PBXFileReference; lastKnownFileType = sourcecode.swift; path = MVVM_CoordinatorUITestsLaunchTests.swift; sourceTree = "<group>"; };
		3147B4B828297DAF00933553 /* LoginViewController.swift */ = {isa = PBXFileReference; lastKnownFileType = sourcecode.swift; path = LoginViewController.swift; sourceTree = "<group>"; };
		3147B4B928297DAF00933553 /* LoginViewController.xib */ = {isa = PBXFileReference; lastKnownFileType = file.xib; path = LoginViewController.xib; sourceTree = "<group>"; };
		3147B4BE282984F800933553 /* ViewController.swift */ = {isa = PBXFileReference; lastKnownFileType = sourcecode.swift; path = ViewController.swift; sourceTree = "<group>"; };
		3147B4BF282984F800933553 /* ViewController.xib */ = {isa = PBXFileReference; lastKnownFileType = file.xib; path = ViewController.xib; sourceTree = "<group>"; };
		3147B4C2282B038B00933553 /* LoginViewControllerViewModel.swift */ = {isa = PBXFileReference; lastKnownFileType = sourcecode.swift; path = LoginViewControllerViewModel.swift; sourceTree = "<group>"; };
		3147B4C4282B03E500933553 /* ViewModelType.swift */ = {isa = PBXFileReference; lastKnownFileType = sourcecode.swift; path = ViewModelType.swift; sourceTree = "<group>"; };
		31503F4E2834439C00944D05 /* Constants.swift */ = {isa = PBXFileReference; lastKnownFileType = sourcecode.swift; path = Constants.swift; sourceTree = "<group>"; };
		3150A84D28358DC100CC0A31 /* MenuViewController.swift */ = {isa = PBXFileReference; lastKnownFileType = sourcecode.swift; path = MenuViewController.swift; sourceTree = "<group>"; };
		3150A84E28358DC100CC0A31 /* MenuViewController.xib */ = {isa = PBXFileReference; lastKnownFileType = file.xib; path = MenuViewController.xib; sourceTree = "<group>"; };
		3150A85228358DE500CC0A31 /* ContainerViewController.swift */ = {isa = PBXFileReference; lastKnownFileType = sourcecode.swift; path = ContainerViewController.swift; sourceTree = "<group>"; };
		3150A85328358DE500CC0A31 /* ContainerViewController.xib */ = {isa = PBXFileReference; lastKnownFileType = file.xib; path = ContainerViewController.xib; sourceTree = "<group>"; };
		3150A85728358E4600CC0A31 /* ProfileViewController.swift */ = {isa = PBXFileReference; lastKnownFileType = sourcecode.swift; path = ProfileViewController.swift; sourceTree = "<group>"; };
		3150A85828358E4600CC0A31 /* ProfileViewController.xib */ = {isa = PBXFileReference; lastKnownFileType = file.xib; path = ProfileViewController.xib; sourceTree = "<group>"; };
		3150A85B28358FED00CC0A31 /* ContainerViewControllerViewModel.swift */ = {isa = PBXFileReference; lastKnownFileType = sourcecode.swift; path = ContainerViewControllerViewModel.swift; sourceTree = "<group>"; };
		315BF000283431F000009CD5 /* MainViewController.swift */ = {isa = PBXFileReference; lastKnownFileType = sourcecode.swift; path = MainViewController.swift; sourceTree = "<group>"; };
		315BF001283431F000009CD5 /* MainViewController.xib */ = {isa = PBXFileReference; lastKnownFileType = file.xib; path = MainViewController.xib; sourceTree = "<group>"; };
		315BF0042834320800009CD5 /* MainViewControllerVIewModel.swift */ = {isa = PBXFileReference; lastKnownFileType = sourcecode.swift; path = MainViewControllerVIewModel.swift; sourceTree = "<group>"; };
		315BF007283432EF00009CD5 /* MainScreenDataSourceModel.swift */ = {isa = PBXFileReference; lastKnownFileType = sourcecode.swift; path = MainScreenDataSourceModel.swift; sourceTree = "<group>"; };
		315BF0092834333200009CD5 /* UserModel.swift */ = {isa = PBXFileReference; lastKnownFileType = sourcecode.swift; path = UserModel.swift; sourceTree = "<group>"; };
		315BF00E2834376600009CD5 /* MainViewControllerCellTableViewCell.swift */ = {isa = PBXFileReference; lastKnownFileType = sourcecode.swift; path = MainViewControllerCellTableViewCell.swift; sourceTree = "<group>"; };
		315BF00F2834376600009CD5 /* MainViewControllerCellTableViewCell.xib */ = {isa = PBXFileReference; lastKnownFileType = file.xib; path = MainViewControllerCellTableViewCell.xib; sourceTree = "<group>"; };
		315BF012283438E200009CD5 /* SectionModel.swift */ = {isa = PBXFileReference; lastKnownFileType = sourcecode.swift; path = SectionModel.swift; sourceTree = "<group>"; };
		316AE116283A63020037DB8E /* AppFlow.swift */ = {isa = PBXFileReference; lastKnownFileType = sourcecode.swift; path = AppFlow.swift; sourceTree = "<group>"; };
		316AE119283A64460037DB8E /* PreferencesService.swift */ = {isa = PBXFileReference; lastKnownFileType = sourcecode.swift; path = PreferencesService.swift; sourceTree = "<group>"; };
		316AE11B283A64980037DB8E /* AppServices.swift */ = {isa = PBXFileReference; lastKnownFileType = sourcecode.swift; path = AppServices.swift; sourceTree = "<group>"; };
		316AE11D283A66760037DB8E /* AppStep.swift */ = {isa = PBXFileReference; lastKnownFileType = sourcecode.swift; path = AppStep.swift; sourceTree = "<group>"; };
		316AE122283A67C80037DB8E /* LoginFlow.swift */ = {isa = PBXFileReference; lastKnownFileType = sourcecode.swift; path = LoginFlow.swift; sourceTree = "<group>"; };
		316AE124283A67D90037DB8E /* LoginStep.swift */ = {isa = PBXFileReference; lastKnownFileType = sourcecode.swift; path = LoginStep.swift; sourceTree = "<group>"; };
		316AE126283A67E60037DB8E /* MainFlow.swift */ = {isa = PBXFileReference; lastKnownFileType = sourcecode.swift; path = MainFlow.swift; sourceTree = "<group>"; };
		316AE128283A67EF0037DB8E /* MainStep.swift */ = {isa = PBXFileReference; lastKnownFileType = sourcecode.swift; path = MainStep.swift; sourceTree = "<group>"; };
		316AE12A283A79020037DB8E /* AppStepper.swift */ = {isa = PBXFileReference; lastKnownFileType = sourcecode.swift; path = AppStepper.swift; sourceTree = "<group>"; };
		316AE12C283AF5050037DB8E /* LoginStepper.swift */ = {isa = PBXFileReference; lastKnownFileType = sourcecode.swift; path = LoginStepper.swift; sourceTree = "<group>"; };
		316AE12E283AF5C10037DB8E /* MainStepper.swift */ = {isa = PBXFileReference; lastKnownFileType = sourcecode.swift; path = MainStepper.swift; sourceTree = "<group>"; };
		31F04CB4282DB1010091DFC6 /* UITextField ext.swift */ = {isa = PBXFileReference; lastKnownFileType = sourcecode.swift; path = "UITextField ext.swift"; sourceTree = "<group>"; };
		3EE733A33D394E32F2233F85 /* Pods-MVVM+Coordinator.release.xcconfig */ = {isa = PBXFileReference; includeInIndex = 1; lastKnownFileType = text.xcconfig; name = "Pods-MVVM+Coordinator.release.xcconfig"; path = "Target Support Files/Pods-MVVM+Coordinator/Pods-MVVM+Coordinator.release.xcconfig"; sourceTree = "<group>"; };
		55B0F8BC1E9E61C001FED07F /* Pods-MVVM+CoordinatorTests.release.xcconfig */ = {isa = PBXFileReference; includeInIndex = 1; lastKnownFileType = text.xcconfig; name = "Pods-MVVM+CoordinatorTests.release.xcconfig"; path = "Target Support Files/Pods-MVVM+CoordinatorTests/Pods-MVVM+CoordinatorTests.release.xcconfig"; sourceTree = "<group>"; };
		6E84FF9B18AF2F3E872E6C08 /* Pods_MVVM_Coordinator_MVVM_CoordinatorUITests.framework */ = {isa = PBXFileReference; explicitFileType = wrapper.framework; includeInIndex = 0; path = Pods_MVVM_Coordinator_MVVM_CoordinatorUITests.framework; sourceTree = BUILT_PRODUCTS_DIR; };
		AA0B9F80964EB598D2836B6D /* Pods_MVVM_CoordinatorTests.framework */ = {isa = PBXFileReference; explicitFileType = wrapper.framework; includeInIndex = 0; path = Pods_MVVM_CoordinatorTests.framework; sourceTree = BUILT_PRODUCTS_DIR; };
		BC3E1FD2D28DA4782129601A /* Pods-MVVM+Coordinator-MVVM+CoordinatorUITests.debug.xcconfig */ = {isa = PBXFileReference; includeInIndex = 1; lastKnownFileType = text.xcconfig; name = "Pods-MVVM+Coordinator-MVVM+CoordinatorUITests.debug.xcconfig"; path = "Target Support Files/Pods-MVVM+Coordinator-MVVM+CoordinatorUITests/Pods-MVVM+Coordinator-MVVM+CoordinatorUITests.debug.xcconfig"; sourceTree = "<group>"; };
		D0DB8D19C9F2156F043A6E49 /* Pods-MVVM+Coordinator-MVVM+CoordinatorUITests.release.xcconfig */ = {isa = PBXFileReference; includeInIndex = 1; lastKnownFileType = text.xcconfig; name = "Pods-MVVM+Coordinator-MVVM+CoordinatorUITests.release.xcconfig"; path = "Target Support Files/Pods-MVVM+Coordinator-MVVM+CoordinatorUITests/Pods-MVVM+Coordinator-MVVM+CoordinatorUITests.release.xcconfig"; sourceTree = "<group>"; };
		E2080641A581D626A44404BC /* Pods-MVVM+CoordinatorTests.debug.xcconfig */ = {isa = PBXFileReference; includeInIndex = 1; lastKnownFileType = text.xcconfig; name = "Pods-MVVM+CoordinatorTests.debug.xcconfig"; path = "Target Support Files/Pods-MVVM+CoordinatorTests/Pods-MVVM+CoordinatorTests.debug.xcconfig"; sourceTree = "<group>"; };
		F32C8B06DF79798EE9BD558B /* Pods-MVVM+Coordinator.debug.xcconfig */ = {isa = PBXFileReference; includeInIndex = 1; lastKnownFileType = text.xcconfig; name = "Pods-MVVM+Coordinator.debug.xcconfig"; path = "Target Support Files/Pods-MVVM+Coordinator/Pods-MVVM+Coordinator.debug.xcconfig"; sourceTree = "<group>"; };
/* End PBXFileReference section */

/* Begin PBXFrameworksBuildPhase section */
		3147B47C2829779F00933553 /* Frameworks */ = {
			isa = PBXFrameworksBuildPhase;
			buildActionMask = 2147483647;
			files = (
				768B779D86D0712B809012D8 /* Pods_MVVM_Coordinator.framework in Frameworks */,
			);
			runOnlyForDeploymentPostprocessing = 0;
		};
		3147B495282977A200933553 /* Frameworks */ = {
			isa = PBXFrameworksBuildPhase;
			buildActionMask = 2147483647;
			files = (
				559341CDB60218C98590643D /* Pods_MVVM_CoordinatorTests.framework in Frameworks */,
			);
			runOnlyForDeploymentPostprocessing = 0;
		};
		3147B49F282977A200933553 /* Frameworks */ = {
			isa = PBXFrameworksBuildPhase;
			buildActionMask = 2147483647;
			files = (
				5AD66C98090174D9A14E048B /* Pods_MVVM_Coordinator_MVVM_CoordinatorUITests.framework in Frameworks */,
			);
			runOnlyForDeploymentPostprocessing = 0;
		};
/* End PBXFrameworksBuildPhase section */

/* Begin PBXGroup section */
		1568E8CBAF14DEF72EFF262D /* Pods */ = {
			isa = PBXGroup;
			children = (
				F32C8B06DF79798EE9BD558B /* Pods-MVVM+Coordinator.debug.xcconfig */,
				3EE733A33D394E32F2233F85 /* Pods-MVVM+Coordinator.release.xcconfig */,
				BC3E1FD2D28DA4782129601A /* Pods-MVVM+Coordinator-MVVM+CoordinatorUITests.debug.xcconfig */,
				D0DB8D19C9F2156F043A6E49 /* Pods-MVVM+Coordinator-MVVM+CoordinatorUITests.release.xcconfig */,
				E2080641A581D626A44404BC /* Pods-MVVM+CoordinatorTests.debug.xcconfig */,
				55B0F8BC1E9E61C001FED07F /* Pods-MVVM+CoordinatorTests.release.xcconfig */,
			);
			path = Pods;
			sourceTree = "<group>";
		};
		3147B4762829779F00933553 = {
			isa = PBXGroup;
			children = (
				316AE118283A64220037DB8E /* Services */,
				318EE597283A4B740034E7E2 /* RxFlow */,
				3147B4812829779F00933553 /* MVVM+Coordinator */,
				3147B49B282977A200933553 /* MVVM+CoordinatorTests */,
				3147B4A5282977A200933553 /* MVVM+CoordinatorUITests */,
				3147B4802829779F00933553 /* Products */,
				1568E8CBAF14DEF72EFF262D /* Pods */,
				5F8AE77792905406C3C54526 /* Frameworks */,
			);
			sourceTree = "<group>";
		};
		3147B4802829779F00933553 /* Products */ = {
			isa = PBXGroup;
			children = (
				3147B47F2829779F00933553 /* MVVM+Coordinator.app */,
				3147B498282977A200933553 /* MVVM+CoordinatorTests.xctest */,
				3147B4A2282977A200933553 /* MVVM+CoordinatorUITests.xctest */,
			);
			name = Products;
			sourceTree = "<group>";
		};
		3147B4812829779F00933553 /* MVVM+Coordinator */ = {
			isa = PBXGroup;
			children = (
				315BF00B2834370900009CD5 /* View */,
				315BF006283432D700009CD5 /* Models */,
				31F04CB3282DB0EB0091DFC6 /* Extensions & Helpers */,
				3147B4822829779F00933553 /* AppDelegate.swift */,
				3147B4842829779F00933553 /* SceneDelegate.swift */,
				3147B48E282977A200933553 /* Assets.xcassets */,
				3147B490282977A200933553 /* LaunchScreen.storyboard */,
				3147B493282977A200933553 /* Info.plist */,
				3147B48B2829779F00933553 /* MVVM_Coordinator.xcdatamodeld */,
				3147B4BE282984F800933553 /* ViewController.swift */,
				3147B4BF282984F800933553 /* ViewController.xib */,
			);
			path = "MVVM+Coordinator";
			sourceTree = "<group>";
		};
		3147B49B282977A200933553 /* MVVM+CoordinatorTests */ = {
			isa = PBXGroup;
			children = (
				3147B49C282977A200933553 /* MVVM_CoordinatorTests.swift */,
			);
			path = "MVVM+CoordinatorTests";
			sourceTree = "<group>";
		};
		3147B4A5282977A200933553 /* MVVM+CoordinatorUITests */ = {
			isa = PBXGroup;
			children = (
				3147B4A6282977A200933553 /* MVVM_CoordinatorUITests.swift */,
				3147B4A8282977A200933553 /* MVVM_CoordinatorUITestsLaunchTests.swift */,
			);
			path = "MVVM+CoordinatorUITests";
			sourceTree = "<group>";
		};
		3147B4B528297D4100933553 /* LoginViewController */ = {
			isa = PBXGroup;
			children = (
				3147B4B828297DAF00933553 /* LoginViewController.swift */,
				3147B4B928297DAF00933553 /* LoginViewController.xib */,
				3147B4C2282B038B00933553 /* LoginViewControllerViewModel.swift */,
			);
			path = LoginViewController;
			sourceTree = "<group>";
		};
		3150A84828358D6D00CC0A31 /* MenuViewController */ = {
			isa = PBXGroup;
			children = (
				3150A84D28358DC100CC0A31 /* MenuViewController.swift */,
				3150A84E28358DC100CC0A31 /* MenuViewController.xib */,
			);
			path = MenuViewController;
			sourceTree = "<group>";
		};
		3150A85128358DCE00CC0A31 /* ContainerViewController */ = {
			isa = PBXGroup;
			children = (
				3150A85228358DE500CC0A31 /* ContainerViewController.swift */,
				3150A85328358DE500CC0A31 /* ContainerViewController.xib */,
				3150A85B28358FED00CC0A31 /* ContainerViewControllerViewModel.swift */,
			);
			path = ContainerViewController;
			sourceTree = "<group>";
		};
		3150A85628358E3400CC0A31 /* ProfileViewController */ = {
			isa = PBXGroup;
			children = (
				3150A85728358E4600CC0A31 /* ProfileViewController.swift */,
				3150A85828358E4600CC0A31 /* ProfileViewController.xib */,
			);
			path = ProfileViewController;
			sourceTree = "<group>";
		};
		315BEFFF283431D200009CD5 /* MainViewController */ = {
			isa = PBXGroup;
			children = (
				315BF000283431F000009CD5 /* MainViewController.swift */,
				315BF001283431F000009CD5 /* MainViewController.xib */,
				315BF0042834320800009CD5 /* MainViewControllerVIewModel.swift */,
			);
			path = MainViewController;
			sourceTree = "<group>";
		};
		315BF006283432D700009CD5 /* Models */ = {
			isa = PBXGroup;
			children = (
				315BF007283432EF00009CD5 /* MainScreenDataSourceModel.swift */,
				315BF0092834333200009CD5 /* UserModel.swift */,
			);
			path = Models;
			sourceTree = "<group>";
		};
		315BF00B2834370900009CD5 /* View */ = {
			isa = PBXGroup;
			children = (
				315BF00D2834373900009CD5 /* Cells */,
				315BF00C2834371600009CD5 /* ViewControllers */,
			);
			path = View;
			sourceTree = "<group>";
		};
		315BF00C2834371600009CD5 /* ViewControllers */ = {
			isa = PBXGroup;
			children = (
				3150A85628358E3400CC0A31 /* ProfileViewController */,
				3150A85128358DCE00CC0A31 /* ContainerViewController */,
				3150A84828358D6D00CC0A31 /* MenuViewController */,
				315BEFFF283431D200009CD5 /* MainViewController */,
				3147B4B528297D4100933553 /* LoginViewController */,
			);
			path = ViewControllers;
			sourceTree = "<group>";
		};
		315BF00D2834373900009CD5 /* Cells */ = {
			isa = PBXGroup;
			children = (
				315BF00E2834376600009CD5 /* MainViewControllerCellTableViewCell.swift */,
				315BF00F2834376600009CD5 /* MainViewControllerCellTableViewCell.xib */,
			);
			path = Cells;
			sourceTree = "<group>";
		};
		316AE118283A64220037DB8E /* Services */ = {
			isa = PBXGroup;
			children = (
				316AE119283A64460037DB8E /* PreferencesService.swift */,
				316AE11B283A64980037DB8E /* AppServices.swift */,
			);
			path = Services;
			sourceTree = "<group>";
		};
		316AE11F283A67920037DB8E /* AppFlow */ = {
			isa = PBXGroup;
			children = (
				316AE11D283A66760037DB8E /* AppStep.swift */,
				316AE116283A63020037DB8E /* AppFlow.swift */,
				316AE12A283A79020037DB8E /* AppStepper.swift */,
			);
			path = AppFlow;
			sourceTree = "<group>";
		};
		316AE120283A67A50037DB8E /* LogginFlow */ = {
			isa = PBXGroup;
			children = (
				316AE122283A67C80037DB8E /* LoginFlow.swift */,
				316AE124283A67D90037DB8E /* LoginStep.swift */,
				316AE12C283AF5050037DB8E /* LoginStepper.swift */,
			);
			path = LogginFlow;
			sourceTree = "<group>";
		};
		316AE121283A67BA0037DB8E /* MainFlow */ = {
			isa = PBXGroup;
			children = (
				316AE126283A67E60037DB8E /* MainFlow.swift */,
				316AE128283A67EF0037DB8E /* MainStep.swift */,
				316AE12E283AF5C10037DB8E /* MainStepper.swift */,
			);
			path = MainFlow;
			sourceTree = "<group>";
		};
		318EE597283A4B740034E7E2 /* RxFlow */ = {
			isa = PBXGroup;
			children = (
				316AE121283A67BA0037DB8E /* MainFlow */,
				316AE120283A67A50037DB8E /* LogginFlow */,
				316AE11F283A67920037DB8E /* AppFlow */,
			);
			path = RxFlow;
			sourceTree = "<group>";
		};
		31F04CB3282DB0EB0091DFC6 /* Extensions & Helpers */ = {
			isa = PBXGroup;
			children = (
				31F04CB4282DB1010091DFC6 /* UITextField ext.swift */,
				3147B4C4282B03E500933553 /* ViewModelType.swift */,
				315BF012283438E200009CD5 /* SectionModel.swift */,
				31503F4E2834439C00944D05 /* Constants.swift */,
			);
			path = "Extensions & Helpers";
			sourceTree = "<group>";
		};
		5F8AE77792905406C3C54526 /* Frameworks */ = {
			isa = PBXGroup;
			children = (
				28BC75190EA99CF571F5154E /* Pods_MVVM_Coordinator.framework */,
				6E84FF9B18AF2F3E872E6C08 /* Pods_MVVM_Coordinator_MVVM_CoordinatorUITests.framework */,
				AA0B9F80964EB598D2836B6D /* Pods_MVVM_CoordinatorTests.framework */,
			);
			name = Frameworks;
			sourceTree = "<group>";
		};
/* End PBXGroup section */

/* Begin PBXNativeTarget section */
		3147B47E2829779F00933553 /* MVVM+Coordinator */ = {
			isa = PBXNativeTarget;
			buildConfigurationList = 3147B4AC282977A200933553 /* Build configuration list for PBXNativeTarget "MVVM+Coordinator" */;
			buildPhases = (
				03BA5A1841F9662559DA13CE /* [CP] Check Pods Manifest.lock */,
				3147B47B2829779F00933553 /* Sources */,
				3147B47C2829779F00933553 /* Frameworks */,
				3147B47D2829779F00933553 /* Resources */,
				4FA5E41C3F1FDCAF410F909B /* [CP] Embed Pods Frameworks */,
			);
			buildRules = (
			);
			dependencies = (
			);
			name = "MVVM+Coordinator";
			productName = "MVVM+Coordinator";
			productReference = 3147B47F2829779F00933553 /* MVVM+Coordinator.app */;
			productType = "com.apple.product-type.application";
		};
		3147B497282977A200933553 /* MVVM+CoordinatorTests */ = {
			isa = PBXNativeTarget;
			buildConfigurationList = 3147B4AF282977A200933553 /* Build configuration list for PBXNativeTarget "MVVM+CoordinatorTests" */;
			buildPhases = (
				25097B239FFE7CEB4C3D29C5 /* [CP] Check Pods Manifest.lock */,
				3147B494282977A200933553 /* Sources */,
				3147B495282977A200933553 /* Frameworks */,
				3147B496282977A200933553 /* Resources */,
			);
			buildRules = (
			);
			dependencies = (
				3147B49A282977A200933553 /* PBXTargetDependency */,
			);
			name = "MVVM+CoordinatorTests";
			productName = "MVVM+CoordinatorTests";
			productReference = 3147B498282977A200933553 /* MVVM+CoordinatorTests.xctest */;
			productType = "com.apple.product-type.bundle.unit-test";
		};
		3147B4A1282977A200933553 /* MVVM+CoordinatorUITests */ = {
			isa = PBXNativeTarget;
			buildConfigurationList = 3147B4B2282977A200933553 /* Build configuration list for PBXNativeTarget "MVVM+CoordinatorUITests" */;
			buildPhases = (
				AB1DDD2765CFC588EFDAF7CB /* [CP] Check Pods Manifest.lock */,
				3147B49E282977A200933553 /* Sources */,
				3147B49F282977A200933553 /* Frameworks */,
				3147B4A0282977A200933553 /* Resources */,
				3A9C0207019185307F5BF432 /* [CP] Embed Pods Frameworks */,
			);
			buildRules = (
			);
			dependencies = (
				3147B4A4282977A200933553 /* PBXTargetDependency */,
			);
			name = "MVVM+CoordinatorUITests";
			productName = "MVVM+CoordinatorUITests";
			productReference = 3147B4A2282977A200933553 /* MVVM+CoordinatorUITests.xctest */;
			productType = "com.apple.product-type.bundle.ui-testing";
		};
/* End PBXNativeTarget section */

/* Begin PBXProject section */
		3147B4772829779F00933553 /* Project object */ = {
			isa = PBXProject;
			attributes = {
				BuildIndependentTargetsInParallel = 1;
				LastSwiftUpdateCheck = 1330;
				LastUpgradeCheck = 1330;
				TargetAttributes = {
					3147B47E2829779F00933553 = {
						CreatedOnToolsVersion = 13.3;
					};
					3147B497282977A200933553 = {
						CreatedOnToolsVersion = 13.3;
						TestTargetID = 3147B47E2829779F00933553;
					};
					3147B4A1282977A200933553 = {
						CreatedOnToolsVersion = 13.3;
						TestTargetID = 3147B47E2829779F00933553;
					};
				};
			};
			buildConfigurationList = 3147B47A2829779F00933553 /* Build configuration list for PBXProject "MVVM+Coordinator" */;
			compatibilityVersion = "Xcode 13.0";
			developmentRegion = en;
			hasScannedForEncodings = 0;
			knownRegions = (
				en,
				Base,
			);
			mainGroup = 3147B4762829779F00933553;
			productRefGroup = 3147B4802829779F00933553 /* Products */;
			projectDirPath = "";
			projectRoot = "";
			targets = (
				3147B47E2829779F00933553 /* MVVM+Coordinator */,
				3147B497282977A200933553 /* MVVM+CoordinatorTests */,
				3147B4A1282977A200933553 /* MVVM+CoordinatorUITests */,
			);
		};
/* End PBXProject section */

/* Begin PBXResourcesBuildPhase section */
		3147B47D2829779F00933553 /* Resources */ = {
			isa = PBXResourcesBuildPhase;
			buildActionMask = 2147483647;
			files = (
				3150A85A28358E4600CC0A31 /* ProfileViewController.xib in Resources */,
				3147B4BB28297DAF00933553 /* LoginViewController.xib in Resources */,
				3147B492282977A200933553 /* LaunchScreen.storyboard in Resources */,
				315BF003283431F000009CD5 /* MainViewController.xib in Resources */,
				3147B4C1282984F800933553 /* ViewController.xib in Resources */,
				3147B48F282977A200933553 /* Assets.xcassets in Resources */,
				3150A85028358DC100CC0A31 /* MenuViewController.xib in Resources */,
				3150A85528358DE500CC0A31 /* ContainerViewController.xib in Resources */,
				315BF0112834376600009CD5 /* MainViewControllerCellTableViewCell.xib in Resources */,
			);
			runOnlyForDeploymentPostprocessing = 0;
		};
		3147B496282977A200933553 /* Resources */ = {
			isa = PBXResourcesBuildPhase;
			buildActionMask = 2147483647;
			files = (
			);
			runOnlyForDeploymentPostprocessing = 0;
		};
		3147B4A0282977A200933553 /* Resources */ = {
			isa = PBXResourcesBuildPhase;
			buildActionMask = 2147483647;
			files = (
			);
			runOnlyForDeploymentPostprocessing = 0;
		};
/* End PBXResourcesBuildPhase section */

/* Begin PBXShellScriptBuildPhase section */
		03BA5A1841F9662559DA13CE /* [CP] Check Pods Manifest.lock */ = {
			isa = PBXShellScriptBuildPhase;
			buildActionMask = 2147483647;
			files = (
			);
			inputFileListPaths = (
			);
			inputPaths = (
				"${PODS_PODFILE_DIR_PATH}/Podfile.lock",
				"${PODS_ROOT}/Manifest.lock",
			);
			name = "[CP] Check Pods Manifest.lock";
			outputFileListPaths = (
			);
			outputPaths = (
				"$(DERIVED_FILE_DIR)/Pods-MVVM+Coordinator-checkManifestLockResult.txt",
			);
			runOnlyForDeploymentPostprocessing = 0;
			shellPath = /bin/sh;
			shellScript = "diff \"${PODS_PODFILE_DIR_PATH}/Podfile.lock\" \"${PODS_ROOT}/Manifest.lock\" > /dev/null\nif [ $? != 0 ] ; then\n    # print error to STDERR\n    echo \"error: The sandbox is not in sync with the Podfile.lock. Run 'pod install' or update your CocoaPods installation.\" >&2\n    exit 1\nfi\n# This output is used by Xcode 'outputs' to avoid re-running this script phase.\necho \"SUCCESS\" > \"${SCRIPT_OUTPUT_FILE_0}\"\n";
			showEnvVarsInLog = 0;
		};
		25097B239FFE7CEB4C3D29C5 /* [CP] Check Pods Manifest.lock */ = {
			isa = PBXShellScriptBuildPhase;
			buildActionMask = 2147483647;
			files = (
			);
			inputFileListPaths = (
			);
			inputPaths = (
				"${PODS_PODFILE_DIR_PATH}/Podfile.lock",
				"${PODS_ROOT}/Manifest.lock",
			);
			name = "[CP] Check Pods Manifest.lock";
			outputFileListPaths = (
			);
			outputPaths = (
				"$(DERIVED_FILE_DIR)/Pods-MVVM+CoordinatorTests-checkManifestLockResult.txt",
			);
			runOnlyForDeploymentPostprocessing = 0;
			shellPath = /bin/sh;
			shellScript = "diff \"${PODS_PODFILE_DIR_PATH}/Podfile.lock\" \"${PODS_ROOT}/Manifest.lock\" > /dev/null\nif [ $? != 0 ] ; then\n    # print error to STDERR\n    echo \"error: The sandbox is not in sync with the Podfile.lock. Run 'pod install' or update your CocoaPods installation.\" >&2\n    exit 1\nfi\n# This output is used by Xcode 'outputs' to avoid re-running this script phase.\necho \"SUCCESS\" > \"${SCRIPT_OUTPUT_FILE_0}\"\n";
			showEnvVarsInLog = 0;
		};
		3A9C0207019185307F5BF432 /* [CP] Embed Pods Frameworks */ = {
			isa = PBXShellScriptBuildPhase;
			buildActionMask = 2147483647;
			files = (
			);
			inputFileListPaths = (
				"${PODS_ROOT}/Target Support Files/Pods-MVVM+Coordinator-MVVM+CoordinatorUITests/Pods-MVVM+Coordinator-MVVM+CoordinatorUITests-frameworks-${CONFIGURATION}-input-files.xcfilelist",
			);
			name = "[CP] Embed Pods Frameworks";
			outputFileListPaths = (
				"${PODS_ROOT}/Target Support Files/Pods-MVVM+Coordinator-MVVM+CoordinatorUITests/Pods-MVVM+Coordinator-MVVM+CoordinatorUITests-frameworks-${CONFIGURATION}-output-files.xcfilelist",
			);
			runOnlyForDeploymentPostprocessing = 0;
			shellPath = /bin/sh;
			shellScript = "\"${PODS_ROOT}/Target Support Files/Pods-MVVM+Coordinator-MVVM+CoordinatorUITests/Pods-MVVM+Coordinator-MVVM+CoordinatorUITests-frameworks.sh\"\n";
			showEnvVarsInLog = 0;
		};
		4FA5E41C3F1FDCAF410F909B /* [CP] Embed Pods Frameworks */ = {
			isa = PBXShellScriptBuildPhase;
			buildActionMask = 2147483647;
			files = (
			);
			inputFileListPaths = (
				"${PODS_ROOT}/Target Support Files/Pods-MVVM+Coordinator/Pods-MVVM+Coordinator-frameworks-${CONFIGURATION}-input-files.xcfilelist",
			);
			name = "[CP] Embed Pods Frameworks";
			outputFileListPaths = (
				"${PODS_ROOT}/Target Support Files/Pods-MVVM+Coordinator/Pods-MVVM+Coordinator-frameworks-${CONFIGURATION}-output-files.xcfilelist",
			);
			runOnlyForDeploymentPostprocessing = 0;
			shellPath = /bin/sh;
			shellScript = "\"${PODS_ROOT}/Target Support Files/Pods-MVVM+Coordinator/Pods-MVVM+Coordinator-frameworks.sh\"\n";
			showEnvVarsInLog = 0;
		};
		AB1DDD2765CFC588EFDAF7CB /* [CP] Check Pods Manifest.lock */ = {
			isa = PBXShellScriptBuildPhase;
			buildActionMask = 2147483647;
			files = (
			);
			inputFileListPaths = (
			);
			inputPaths = (
				"${PODS_PODFILE_DIR_PATH}/Podfile.lock",
				"${PODS_ROOT}/Manifest.lock",
			);
			name = "[CP] Check Pods Manifest.lock";
			outputFileListPaths = (
			);
			outputPaths = (
				"$(DERIVED_FILE_DIR)/Pods-MVVM+Coordinator-MVVM+CoordinatorUITests-checkManifestLockResult.txt",
			);
			runOnlyForDeploymentPostprocessing = 0;
			shellPath = /bin/sh;
			shellScript = "diff \"${PODS_PODFILE_DIR_PATH}/Podfile.lock\" \"${PODS_ROOT}/Manifest.lock\" > /dev/null\nif [ $? != 0 ] ; then\n    # print error to STDERR\n    echo \"error: The sandbox is not in sync with the Podfile.lock. Run 'pod install' or update your CocoaPods installation.\" >&2\n    exit 1\nfi\n# This output is used by Xcode 'outputs' to avoid re-running this script phase.\necho \"SUCCESS\" > \"${SCRIPT_OUTPUT_FILE_0}\"\n";
			showEnvVarsInLog = 0;
		};
/* End PBXShellScriptBuildPhase section */

/* Begin PBXSourcesBuildPhase section */
		3147B47B2829779F00933553 /* Sources */ = {
			isa = PBXSourcesBuildPhase;
			buildActionMask = 2147483647;
			files = (
				316AE11E283A66760037DB8E /* AppStep.swift in Sources */,
				316AE123283A67C80037DB8E /* LoginFlow.swift in Sources */,
				316AE127283A67E60037DB8E /* MainFlow.swift in Sources */,
				316AE12D283AF5050037DB8E /* LoginStepper.swift in Sources */,
				31F04CB5282DB1010091DFC6 /* UITextField ext.swift in Sources */,
				315BF002283431F000009CD5 /* MainViewController.swift in Sources */,
				3150A85928358E4600CC0A31 /* ProfileViewController.swift in Sources */,
				316AE117283A63020037DB8E /* AppFlow.swift in Sources */,
				3147B4C0282984F800933553 /* ViewController.swift in Sources */,
				315BF013283438E200009CD5 /* SectionModel.swift in Sources */,
				3150A85C28358FED00CC0A31 /* ContainerViewControllerViewModel.swift in Sources */,
				316AE125283A67D90037DB8E /* LoginStep.swift in Sources */,
				315BF008283432EF00009CD5 /* MainScreenDataSourceModel.swift in Sources */,
				316AE11C283A64980037DB8E /* AppServices.swift in Sources */,
				3147B4832829779F00933553 /* AppDelegate.swift in Sources */,
				3147B48D2829779F00933553 /* MVVM_Coordinator.xcdatamodeld in Sources */,
				316AE129283A67EF0037DB8E /* MainStep.swift in Sources */,
				316AE12B283A79020037DB8E /* AppStepper.swift in Sources */,
				316AE12F283AF5C10037DB8E /* MainStepper.swift in Sources */,
				3147B4C3282B038B00933553 /* LoginViewControllerViewModel.swift in Sources */,
				315BF00A2834333200009CD5 /* UserModel.swift in Sources */,
				3147B4BA28297DAF00933553 /* LoginViewController.swift in Sources */,
				31503F4F2834439C00944D05 /* Constants.swift in Sources */,
				3150A85428358DE500CC0A31 /* ContainerViewController.swift in Sources */,
				315BF0102834376600009CD5 /* MainViewControllerCellTableViewCell.swift in Sources */,
				3150A84F28358DC100CC0A31 /* MenuViewController.swift in Sources */,
				316AE11A283A64460037DB8E /* PreferencesService.swift in Sources */,
				315BF0052834320800009CD5 /* MainViewControllerVIewModel.swift in Sources */,
				3147B4852829779F00933553 /* SceneDelegate.swift in Sources */,
				3147B4C5282B03E500933553 /* ViewModelType.swift in Sources */,
			);
			runOnlyForDeploymentPostprocessing = 0;
		};
		3147B494282977A200933553 /* Sources */ = {
			isa = PBXSourcesBuildPhase;
			buildActionMask = 2147483647;
			files = (
				3147B49D282977A200933553 /* MVVM_CoordinatorTests.swift in Sources */,
			);
			runOnlyForDeploymentPostprocessing = 0;
		};
		3147B49E282977A200933553 /* Sources */ = {
			isa = PBXSourcesBuildPhase;
			buildActionMask = 2147483647;
			files = (
				3147B4A7282977A200933553 /* MVVM_CoordinatorUITests.swift in Sources */,
				3147B4A9282977A200933553 /* MVVM_CoordinatorUITestsLaunchTests.swift in Sources */,
			);
			runOnlyForDeploymentPostprocessing = 0;
		};
/* End PBXSourcesBuildPhase section */

/* Begin PBXTargetDependency section */
		3147B49A282977A200933553 /* PBXTargetDependency */ = {
			isa = PBXTargetDependency;
			target = 3147B47E2829779F00933553 /* MVVM+Coordinator */;
			targetProxy = 3147B499282977A200933553 /* PBXContainerItemProxy */;
		};
		3147B4A4282977A200933553 /* PBXTargetDependency */ = {
			isa = PBXTargetDependency;
			target = 3147B47E2829779F00933553 /* MVVM+Coordinator */;
			targetProxy = 3147B4A3282977A200933553 /* PBXContainerItemProxy */;
		};
/* End PBXTargetDependency section */

/* Begin PBXVariantGroup section */
		3147B490282977A200933553 /* LaunchScreen.storyboard */ = {
			isa = PBXVariantGroup;
			children = (
				3147B491282977A200933553 /* Base */,
			);
			name = LaunchScreen.storyboard;
			sourceTree = "<group>";
		};
/* End PBXVariantGroup section */

/* Begin XCBuildConfiguration section */
		3147B4AA282977A200933553 /* Debug */ = {
			isa = XCBuildConfiguration;
			buildSettings = {
				ALWAYS_SEARCH_USER_PATHS = NO;
				CLANG_ANALYZER_NONNULL = YES;
				CLANG_ANALYZER_NUMBER_OBJECT_CONVERSION = YES_AGGRESSIVE;
				CLANG_CXX_LANGUAGE_STANDARD = "gnu++17";
				CLANG_ENABLE_MODULES = YES;
				CLANG_ENABLE_OBJC_ARC = YES;
				CLANG_ENABLE_OBJC_WEAK = YES;
				CLANG_WARN_BLOCK_CAPTURE_AUTORELEASING = YES;
				CLANG_WARN_BOOL_CONVERSION = YES;
				CLANG_WARN_COMMA = YES;
				CLANG_WARN_CONSTANT_CONVERSION = YES;
				CLANG_WARN_DEPRECATED_OBJC_IMPLEMENTATIONS = YES;
				CLANG_WARN_DIRECT_OBJC_ISA_USAGE = YES_ERROR;
				CLANG_WARN_DOCUMENTATION_COMMENTS = YES;
				CLANG_WARN_EMPTY_BODY = YES;
				CLANG_WARN_ENUM_CONVERSION = YES;
				CLANG_WARN_INFINITE_RECURSION = YES;
				CLANG_WARN_INT_CONVERSION = YES;
				CLANG_WARN_NON_LITERAL_NULL_CONVERSION = YES;
				CLANG_WARN_OBJC_IMPLICIT_RETAIN_SELF = YES;
				CLANG_WARN_OBJC_LITERAL_CONVERSION = YES;
				CLANG_WARN_OBJC_ROOT_CLASS = YES_ERROR;
				CLANG_WARN_QUOTED_INCLUDE_IN_FRAMEWORK_HEADER = YES;
				CLANG_WARN_RANGE_LOOP_ANALYSIS = YES;
				CLANG_WARN_STRICT_PROTOTYPES = YES;
				CLANG_WARN_SUSPICIOUS_MOVE = YES;
				CLANG_WARN_UNGUARDED_AVAILABILITY = YES_AGGRESSIVE;
				CLANG_WARN_UNREACHABLE_CODE = YES;
				CLANG_WARN__DUPLICATE_METHOD_MATCH = YES;
				COPY_PHASE_STRIP = NO;
				DEBUG_INFORMATION_FORMAT = dwarf;
				ENABLE_STRICT_OBJC_MSGSEND = YES;
				ENABLE_TESTABILITY = YES;
				GCC_C_LANGUAGE_STANDARD = gnu11;
				GCC_DYNAMIC_NO_PIC = NO;
				GCC_NO_COMMON_BLOCKS = YES;
				GCC_OPTIMIZATION_LEVEL = 0;
				GCC_PREPROCESSOR_DEFINITIONS = (
					"DEBUG=1",
					"$(inherited)",
				);
				GCC_WARN_64_TO_32_BIT_CONVERSION = YES;
				GCC_WARN_ABOUT_RETURN_TYPE = YES_ERROR;
				GCC_WARN_UNDECLARED_SELECTOR = YES;
				GCC_WARN_UNINITIALIZED_AUTOS = YES_AGGRESSIVE;
				GCC_WARN_UNUSED_FUNCTION = YES;
				GCC_WARN_UNUSED_VARIABLE = YES;
				IPHONEOS_DEPLOYMENT_TARGET = 15.4;
				MTL_ENABLE_DEBUG_INFO = INCLUDE_SOURCE;
				MTL_FAST_MATH = YES;
				ONLY_ACTIVE_ARCH = YES;
				SDKROOT = iphoneos;
				SWIFT_ACTIVE_COMPILATION_CONDITIONS = DEBUG;
				SWIFT_OPTIMIZATION_LEVEL = "-Onone";
			};
			name = Debug;
		};
		3147B4AB282977A200933553 /* Release */ = {
			isa = XCBuildConfiguration;
			buildSettings = {
				ALWAYS_SEARCH_USER_PATHS = NO;
				CLANG_ANALYZER_NONNULL = YES;
				CLANG_ANALYZER_NUMBER_OBJECT_CONVERSION = YES_AGGRESSIVE;
				CLANG_CXX_LANGUAGE_STANDARD = "gnu++17";
				CLANG_ENABLE_MODULES = YES;
				CLANG_ENABLE_OBJC_ARC = YES;
				CLANG_ENABLE_OBJC_WEAK = YES;
				CLANG_WARN_BLOCK_CAPTURE_AUTORELEASING = YES;
				CLANG_WARN_BOOL_CONVERSION = YES;
				CLANG_WARN_COMMA = YES;
				CLANG_WARN_CONSTANT_CONVERSION = YES;
				CLANG_WARN_DEPRECATED_OBJC_IMPLEMENTATIONS = YES;
				CLANG_WARN_DIRECT_OBJC_ISA_USAGE = YES_ERROR;
				CLANG_WARN_DOCUMENTATION_COMMENTS = YES;
				CLANG_WARN_EMPTY_BODY = YES;
				CLANG_WARN_ENUM_CONVERSION = YES;
				CLANG_WARN_INFINITE_RECURSION = YES;
				CLANG_WARN_INT_CONVERSION = YES;
				CLANG_WARN_NON_LITERAL_NULL_CONVERSION = YES;
				CLANG_WARN_OBJC_IMPLICIT_RETAIN_SELF = YES;
				CLANG_WARN_OBJC_LITERAL_CONVERSION = YES;
				CLANG_WARN_OBJC_ROOT_CLASS = YES_ERROR;
				CLANG_WARN_QUOTED_INCLUDE_IN_FRAMEWORK_HEADER = YES;
				CLANG_WARN_RANGE_LOOP_ANALYSIS = YES;
				CLANG_WARN_STRICT_PROTOTYPES = YES;
				CLANG_WARN_SUSPICIOUS_MOVE = YES;
				CLANG_WARN_UNGUARDED_AVAILABILITY = YES_AGGRESSIVE;
				CLANG_WARN_UNREACHABLE_CODE = YES;
				CLANG_WARN__DUPLICATE_METHOD_MATCH = YES;
				COPY_PHASE_STRIP = NO;
				DEBUG_INFORMATION_FORMAT = "dwarf-with-dsym";
				ENABLE_NS_ASSERTIONS = NO;
				ENABLE_STRICT_OBJC_MSGSEND = YES;
				GCC_C_LANGUAGE_STANDARD = gnu11;
				GCC_NO_COMMON_BLOCKS = YES;
				GCC_WARN_64_TO_32_BIT_CONVERSION = YES;
				GCC_WARN_ABOUT_RETURN_TYPE = YES_ERROR;
				GCC_WARN_UNDECLARED_SELECTOR = YES;
				GCC_WARN_UNINITIALIZED_AUTOS = YES_AGGRESSIVE;
				GCC_WARN_UNUSED_FUNCTION = YES;
				GCC_WARN_UNUSED_VARIABLE = YES;
				IPHONEOS_DEPLOYMENT_TARGET = 15.4;
				MTL_ENABLE_DEBUG_INFO = NO;
				MTL_FAST_MATH = YES;
				SDKROOT = iphoneos;
				SWIFT_COMPILATION_MODE = wholemodule;
				SWIFT_OPTIMIZATION_LEVEL = "-O";
				VALIDATE_PRODUCT = YES;
			};
			name = Release;
		};
		3147B4AD282977A200933553 /* Debug */ = {
			isa = XCBuildConfiguration;
			baseConfigurationReference = F32C8B06DF79798EE9BD558B /* Pods-MVVM+Coordinator.debug.xcconfig */;
			buildSettings = {
				ASSETCATALOG_COMPILER_APPICON_NAME = AppIcon;
				ASSETCATALOG_COMPILER_GLOBAL_ACCENT_COLOR_NAME = AccentColor;
				CODE_SIGN_STYLE = Automatic;
				CURRENT_PROJECT_VERSION = 1;
				DEVELOPMENT_TEAM = 2W9YA7539F;
				GENERATE_INFOPLIST_FILE = YES;
				INFOPLIST_FILE = "MVVM+Coordinator/Info.plist";
				INFOPLIST_KEY_UIApplicationSupportsIndirectInputEvents = YES;
				INFOPLIST_KEY_UILaunchStoryboardName = LaunchScreen;
				INFOPLIST_KEY_UISupportedInterfaceOrientations_iPad = "UIInterfaceOrientationPortrait UIInterfaceOrientationPortraitUpsideDown UIInterfaceOrientationLandscapeLeft UIInterfaceOrientationLandscapeRight";
				INFOPLIST_KEY_UISupportedInterfaceOrientations_iPhone = "UIInterfaceOrientationPortrait UIInterfaceOrientationLandscapeLeft UIInterfaceOrientationLandscapeRight";
				LD_RUNPATH_SEARCH_PATHS = (
					"$(inherited)",
					"@executable_path/Frameworks",
				);
				MARKETING_VERSION = 1.0;
				PRODUCT_BUNDLE_IDENTIFIER = "maskoks.MVVM-Coordinator";
				PRODUCT_NAME = "$(TARGET_NAME)";
				SWIFT_EMIT_LOC_STRINGS = YES;
				SWIFT_VERSION = 5.0;
				TARGETED_DEVICE_FAMILY = "1,2";
			};
			name = Debug;
		};
		3147B4AE282977A200933553 /* Release */ = {
			isa = XCBuildConfiguration;
			baseConfigurationReference = 3EE733A33D394E32F2233F85 /* Pods-MVVM+Coordinator.release.xcconfig */;
			buildSettings = {
				ASSETCATALOG_COMPILER_APPICON_NAME = AppIcon;
				ASSETCATALOG_COMPILER_GLOBAL_ACCENT_COLOR_NAME = AccentColor;
				CODE_SIGN_STYLE = Automatic;
				CURRENT_PROJECT_VERSION = 1;
				DEVELOPMENT_TEAM = 2W9YA7539F;
				GENERATE_INFOPLIST_FILE = YES;
				INFOPLIST_FILE = "MVVM+Coordinator/Info.plist";
				INFOPLIST_KEY_UIApplicationSupportsIndirectInputEvents = YES;
				INFOPLIST_KEY_UILaunchStoryboardName = LaunchScreen;
				INFOPLIST_KEY_UISupportedInterfaceOrientations_iPad = "UIInterfaceOrientationPortrait UIInterfaceOrientationPortraitUpsideDown UIInterfaceOrientationLandscapeLeft UIInterfaceOrientationLandscapeRight";
				INFOPLIST_KEY_UISupportedInterfaceOrientations_iPhone = "UIInterfaceOrientationPortrait UIInterfaceOrientationLandscapeLeft UIInterfaceOrientationLandscapeRight";
				LD_RUNPATH_SEARCH_PATHS = (
					"$(inherited)",
					"@executable_path/Frameworks",
				);
				MARKETING_VERSION = 1.0;
				PRODUCT_BUNDLE_IDENTIFIER = "maskoks.MVVM-Coordinator";
				PRODUCT_NAME = "$(TARGET_NAME)";
				SWIFT_EMIT_LOC_STRINGS = YES;
				SWIFT_VERSION = 5.0;
				TARGETED_DEVICE_FAMILY = "1,2";
			};
			name = Release;
		};
		3147B4B0282977A200933553 /* Debug */ = {
			isa = XCBuildConfiguration;
			baseConfigurationReference = E2080641A581D626A44404BC /* Pods-MVVM+CoordinatorTests.debug.xcconfig */;
			buildSettings = {
				ALWAYS_EMBED_SWIFT_STANDARD_LIBRARIES = YES;
				BUNDLE_LOADER = "$(TEST_HOST)";
				CODE_SIGN_STYLE = Automatic;
				CURRENT_PROJECT_VERSION = 1;
				DEVELOPMENT_TEAM = 2W9YA7539F;
				GENERATE_INFOPLIST_FILE = YES;
				IPHONEOS_DEPLOYMENT_TARGET = 15.4;
				MARKETING_VERSION = 1.0;
				PRODUCT_BUNDLE_IDENTIFIER = "maskoks.MVVM-CoordinatorTests";
				PRODUCT_NAME = "$(TARGET_NAME)";
				SWIFT_EMIT_LOC_STRINGS = NO;
				SWIFT_VERSION = 5.0;
				TARGETED_DEVICE_FAMILY = "1,2";
				TEST_HOST = "$(BUILT_PRODUCTS_DIR)/MVVM+Coordinator.app/MVVM+Coordinator";
			};
			name = Debug;
		};
		3147B4B1282977A200933553 /* Release */ = {
			isa = XCBuildConfiguration;
			baseConfigurationReference = 55B0F8BC1E9E61C001FED07F /* Pods-MVVM+CoordinatorTests.release.xcconfig */;
			buildSettings = {
				ALWAYS_EMBED_SWIFT_STANDARD_LIBRARIES = YES;
				BUNDLE_LOADER = "$(TEST_HOST)";
				CODE_SIGN_STYLE = Automatic;
				CURRENT_PROJECT_VERSION = 1;
				DEVELOPMENT_TEAM = 2W9YA7539F;
				GENERATE_INFOPLIST_FILE = YES;
				IPHONEOS_DEPLOYMENT_TARGET = 15.4;
				MARKETING_VERSION = 1.0;
				PRODUCT_BUNDLE_IDENTIFIER = "maskoks.MVVM-CoordinatorTests";
				PRODUCT_NAME = "$(TARGET_NAME)";
				SWIFT_EMIT_LOC_STRINGS = NO;
				SWIFT_VERSION = 5.0;
				TARGETED_DEVICE_FAMILY = "1,2";
				TEST_HOST = "$(BUILT_PRODUCTS_DIR)/MVVM+Coordinator.app/MVVM+Coordinator";
			};
			name = Release;
		};
		3147B4B3282977A200933553 /* Debug */ = {
			isa = XCBuildConfiguration;
			baseConfigurationReference = BC3E1FD2D28DA4782129601A /* Pods-MVVM+Coordinator-MVVM+CoordinatorUITests.debug.xcconfig */;
			buildSettings = {
				ALWAYS_EMBED_SWIFT_STANDARD_LIBRARIES = YES;
				CODE_SIGN_STYLE = Automatic;
				CURRENT_PROJECT_VERSION = 1;
				DEVELOPMENT_TEAM = 2W9YA7539F;
				GENERATE_INFOPLIST_FILE = YES;
				MARKETING_VERSION = 1.0;
				PRODUCT_BUNDLE_IDENTIFIER = "maskoks.MVVM-CoordinatorUITests";
				PRODUCT_NAME = "$(TARGET_NAME)";
				SWIFT_EMIT_LOC_STRINGS = NO;
				SWIFT_VERSION = 5.0;
				TARGETED_DEVICE_FAMILY = "1,2";
				TEST_TARGET_NAME = "MVVM+Coordinator";
			};
			name = Debug;
		};
		3147B4B4282977A200933553 /* Release */ = {
			isa = XCBuildConfiguration;
			baseConfigurationReference = D0DB8D19C9F2156F043A6E49 /* Pods-MVVM+Coordinator-MVVM+CoordinatorUITests.release.xcconfig */;
			buildSettings = {
				ALWAYS_EMBED_SWIFT_STANDARD_LIBRARIES = YES;
				CODE_SIGN_STYLE = Automatic;
				CURRENT_PROJECT_VERSION = 1;
				DEVELOPMENT_TEAM = 2W9YA7539F;
				GENERATE_INFOPLIST_FILE = YES;
				MARKETING_VERSION = 1.0;
				PRODUCT_BUNDLE_IDENTIFIER = "maskoks.MVVM-CoordinatorUITests";
				PRODUCT_NAME = "$(TARGET_NAME)";
				SWIFT_EMIT_LOC_STRINGS = NO;
				SWIFT_VERSION = 5.0;
				TARGETED_DEVICE_FAMILY = "1,2";
				TEST_TARGET_NAME = "MVVM+Coordinator";
			};
			name = Release;
		};
/* End XCBuildConfiguration section */

/* Begin XCConfigurationList section */
		3147B47A2829779F00933553 /* Build configuration list for PBXProject "MVVM+Coordinator" */ = {
			isa = XCConfigurationList;
			buildConfigurations = (
				3147B4AA282977A200933553 /* Debug */,
				3147B4AB282977A200933553 /* Release */,
			);
			defaultConfigurationIsVisible = 0;
			defaultConfigurationName = Release;
		};
		3147B4AC282977A200933553 /* Build configuration list for PBXNativeTarget "MVVM+Coordinator" */ = {
			isa = XCConfigurationList;
			buildConfigurations = (
				3147B4AD282977A200933553 /* Debug */,
				3147B4AE282977A200933553 /* Release */,
			);
			defaultConfigurationIsVisible = 0;
			defaultConfigurationName = Release;
		};
		3147B4AF282977A200933553 /* Build configuration list for PBXNativeTarget "MVVM+CoordinatorTests" */ = {
			isa = XCConfigurationList;
			buildConfigurations = (
				3147B4B0282977A200933553 /* Debug */,
				3147B4B1282977A200933553 /* Release */,
			);
			defaultConfigurationIsVisible = 0;
			defaultConfigurationName = Release;
		};
		3147B4B2282977A200933553 /* Build configuration list for PBXNativeTarget "MVVM+CoordinatorUITests" */ = {
			isa = XCConfigurationList;
			buildConfigurations = (
				3147B4B3282977A200933553 /* Debug */,
				3147B4B4282977A200933553 /* Release */,
			);
			defaultConfigurationIsVisible = 0;
			defaultConfigurationName = Release;
		};
/* End XCConfigurationList section */

/* Begin XCVersionGroup section */
		3147B48B2829779F00933553 /* MVVM_Coordinator.xcdatamodeld */ = {
			isa = XCVersionGroup;
			children = (
				3147B48C2829779F00933553 /* MVVM_Coordinator.xcdatamodel */,
			);
			currentVersion = 3147B48C2829779F00933553 /* MVVM_Coordinator.xcdatamodel */;
			path = MVVM_Coordinator.xcdatamodeld;
			sourceTree = "<group>";
			versionGroupType = wrapper.xcdatamodel;
		};
/* End XCVersionGroup section */
	};
	rootObject = 3147B4772829779F00933553 /* Project object */;
}
